version: 1
aps_version: 0.1.11
entries:
  composite-agents-md:
    source:
      composite:
        - ./AGENTS.local.md
        - https://github.com/westonplatter/agentically.git:agents-md-partials/AGENTS.python.md
        - https://github.com/westonplatter/agentically.git:agents-md-partials/AGENTS.pandas.md
        - https://github.com/westonplatter/agentically.git:agents-md-partials/AGENTS.docs.md
        - https://github.com/westonplatter/agentically.git:agents-md-partials/AGENTS.pull-requests.md
    dest: ./AGENTS.md
    checksum: sha256:3487bb2fb367e50e886b1d22c83ca5f88cb584ee04f6b6d9acf0372c1cfadd0f
  anthropic-skills-example:
    source: https://github.com/anthropics/skills.git
    dest: ./.claude/skills/
    resolved_ref: main
    commit: 1ed29a03dc852d30fa6ef2ca53a67dc2c2c2c563
    checksum: sha256:3bd37a1929706db495f2609910316bb1a385a057556deb151f968e877aef39e9
